// !$*UTF8*$!
{
	archiveVersion = 1;
	classes = {
	};
	objectVersion = 42;
	objects = {

/* Begin PBXBuildFile section */
		8D11072A0486CEB800E47090 /* MainMenu.nib in Resources */ = {isa = PBXBuildFile; fileRef = 29B97318FDCFA39411CA2CEA /* MainMenu.nib */; };
		8D11072B0486CEB800E47090 /* InfoPlist.strings in Resources */ = {isa = PBXBuildFile; fileRef = 089C165CFE840E0CC02AAC07 /* InfoPlist.strings */; };
		8D11072D0486CEB800E47090 /* main.m in Sources */ = {isa = PBXBuildFile; fileRef = 29B97316FDCFA39411CA2CEA /* main.m */; settings = {ATTRIBUTES = (); }; };
		8D11072F0486CEB800E47090 /* Cocoa.framework in Frameworks */ = {isa = PBXBuildFile; fileRef = 1058C7A1FEA54F0111CA2CBB /* Cocoa.framework */; };
		EC2B6FA109207EBD007DCB87 /* CHANGELOG in Resources */ = {isa = PBXBuildFile; fileRef = EC2B6FA009207EBD007DCB87 /* CHANGELOG */; };
		EC5077C7082F862D007C6FF6 /* MpcLibrary.m in Sources */ = {isa = PBXBuildFile; fileRef = EC5077C6082F862D007C6FF6 /* MpcLibrary.m */; };
		EC508B3A0845DF9500A691DF /* MpcLibraryMatrix.m in Sources */ = {isa = PBXBuildFile; fileRef = EC508B390845DF9500A691DF /* MpcLibraryMatrix.m */; };
		EC675E450894FA840060C809 /* UserDefaults.plist in Resources */ = {isa = PBXBuildFile; fileRef = EC675E440894FA840060C809 /* UserDefaults.plist */; };
		EC7DADC70750ADE700F898A9 /* MpcWindowController.h in Resources */ = {isa = PBXBuildFile; fileRef = EC7DADC50750ADE700F898A9 /* MpcWindowController.h */; };
		EC7DADC80750ADE700F898A9 /* MpcWindowController.m in Sources */ = {isa = PBXBuildFile; fileRef = EC7DADC60750ADE700F898A9 /* MpcWindowController.m */; };
		EC7DADD00750AF0D00F898A9 /* libmpdclient.c in Sources */ = {isa = PBXBuildFile; fileRef = EC7DADCE0750AF0C00F898A9 /* libmpdclient.c */; };
		EC7DADD10750AF0D00F898A9 /* libmpdclient.h in Resources */ = {isa = PBXBuildFile; fileRef = EC7DADCF0750AF0D00F898A9 /* libmpdclient.h */; };
		EC91BE8E075820C0008408E0 /* MpcPlaylist.h in Resources */ = {isa = PBXBuildFile; fileRef = EC91BE8C075820C0008408E0 /* MpcPlaylist.h */; };
		EC91BE8F075820C0008408E0 /* MpcPlaylist.m in Sources */ = {isa = PBXBuildFile; fileRef = EC91BE8D075820C0008408E0 /* MpcPlaylist.m */; };
		ECA5F05909BEEECC003F87DE /* db_icon.png in Resources */ = {isa = PBXBuildFile; fileRef = ECA5F05809BEEECC003F87DE /* db_icon.png */; };
		ECB2E5E607548FAA009D8633 /* MpcServer.h in Resources */ = {isa = PBXBuildFile; fileRef = ECB2E5E407548FAA009D8633 /* MpcServer.h */; };
		ECB2E5E707548FAA009D8633 /* MpcServer.m in Sources */ = {isa = PBXBuildFile; fileRef = ECB2E5E507548FAA009D8633 /* MpcServer.m */; };
		ECB87A4D09206433008710E4 /* volume-high.png in Resources */ = {isa = PBXBuildFile; fileRef = ECB87A4C09206433008710E4 /* volume-high.png */; };
		ECB87A4F0920643F008710E4 /* volume-low.png in Resources */ = {isa = PBXBuildFile; fileRef = ECB87A4E0920643F008710E4 /* volume-low.png */; };
		ECD1E7650751FD2F00166F23 /* MpcSong.h in Resources */ = {isa = PBXBuildFile; fileRef = ECD1E7630751FD2F00166F23 /* MpcSong.h */; };
		ECD1E7660751FD2F00166F23 /* MpcSong.m in Sources */ = {isa = PBXBuildFile; fileRef = ECD1E7640751FD2F00166F23 /* MpcSong.m */; };
		ECDF9895087179E60072B04B /* AppIcon.icns in Resources */ = {isa = PBXBuildFile; fileRef = ECDF9894087179E60072B04B /* AppIcon.icns */; };
		ECDF98ED08717E260072B04B /* dragImage.png in Resources */ = {isa = PBXBuildFile; fileRef = ECDF98EC08717E260072B04B /* dragImage.png */; };
		ECE6B006075883F000D596EB /* MpcStatus.h in Resources */ = {isa = PBXBuildFile; fileRef = ECE6B004075883F000D596EB /* MpcStatus.h */; };
		ECE6B007075883F000D596EB /* MpcStatus.m in Sources */ = {isa = PBXBuildFile; fileRef = ECE6B005075883F000D596EB /* MpcStatus.m */; };
		ECEAA0B20A08AB3000B61974 /* MpcPlaylistListController.m in Sources */ = {isa = PBXBuildFile; fileRef = ECEAA0B10A08AB3000B61974 /* MpcPlaylistListController.m */; };
/* End PBXBuildFile section */

/* Begin PBXFileReference section */
		089C165DFE840E0CC02AAC07 /* English */ = {isa = PBXFileReference; fileEncoding = 10; lastKnownFileType = text.plist.strings; name = English; path = English.lproj/InfoPlist.strings; sourceTree = "<group>"; };
		1058C7A1FEA54F0111CA2CBB /* Cocoa.framework */ = {isa = PBXFileReference; lastKnownFileType = wrapper.framework; name = Cocoa.framework; path = /System/Library/Frameworks/Cocoa.framework; sourceTree = "<absolute>"; };
		29B97316FDCFA39411CA2CEA /* main.m */ = {isa = PBXFileReference; fileEncoding = 4; lastKnownFileType = sourcecode.c.objc; path = main.m; sourceTree = "<group>"; };
		29B97319FDCFA39411CA2CEA /* English */ = {isa = PBXFileReference; lastKnownFileType = wrapper.nib; name = English; path = English.lproj/MainMenu.nib; sourceTree = "<group>"; };
		29B97324FDCFA39411CA2CEA /* AppKit.framework */ = {isa = PBXFileReference; lastKnownFileType = wrapper.framework; name = AppKit.framework; path = /System/Library/Frameworks/AppKit.framework; sourceTree = "<absolute>"; };
		29B97325FDCFA39411CA2CEA /* Foundation.framework */ = {isa = PBXFileReference; lastKnownFileType = wrapper.framework; name = Foundation.framework; path = /System/Library/Frameworks/Foundation.framework; sourceTree = "<absolute>"; };
		8D1107310486CEB800E47090 /* Info.plist */ = {isa = PBXFileReference; fileEncoding = 4; lastKnownFileType = text.plist; path = Info.plist; sourceTree = "<group>"; };
		8D1107320486CEB800E47090 /* MpcOSX.app */ = {isa = PBXFileReference; explicitFileType = wrapper.application; includeInIndex = 0; path = MpcOSX.app; sourceTree = BUILT_PRODUCTS_DIR; };
		EC2B6FA009207EBD007DCB87 /* CHANGELOG */ = {isa = PBXFileReference; fileEncoding = 4; lastKnownFileType = text; path = CHANGELOG; sourceTree = "<group>"; };
		EC5077C5082F862D007C6FF6 /* MpcLibrary.h */ = {isa = PBXFileReference; fileEncoding = 4; lastKnownFileType = sourcecode.c.h; path = MpcLibrary.h; sourceTree = "<group>"; };
		EC5077C6082F862D007C6FF6 /* MpcLibrary.m */ = {isa = PBXFileReference; fileEncoding = 4; lastKnownFileType = sourcecode.c.objc; path = MpcLibrary.m; sourceTree = "<group>"; };
		EC508B380845DF9500A691DF /* MpcLibraryMatrix.h */ = {isa = PBXFileReference; fileEncoding = 4; lastKnownFileType = sourcecode.c.h; path = MpcLibraryMatrix.h; sourceTree = "<group>"; };
		EC508B390845DF9500A691DF /* MpcLibraryMatrix.m */ = {isa = PBXFileReference; fileEncoding = 4; lastKnownFileType = sourcecode.c.objc; path = MpcLibraryMatrix.m; sourceTree = "<group>"; };
		EC675E440894FA840060C809 /* UserDefaults.plist */ = {isa = PBXFileReference; fileEncoding = 4; lastKnownFileType = text.xml; path = UserDefaults.plist; sourceTree = "<group>"; };
		EC7DADC50750ADE700F898A9 /* MpcWindowController.h */ = {isa = PBXFileReference; fileEncoding = 4; lastKnownFileType = sourcecode.c.h; path = MpcWindowController.h; sourceTree = "<group>"; };
		EC7DADC60750ADE700F898A9 /* MpcWindowController.m */ = {isa = PBXFileReference; fileEncoding = 4; lastKnownFileType = sourcecode.c.objc; path = MpcWindowController.m; sourceTree = "<group>"; };
		EC7DADCE0750AF0C00F898A9 /* libmpdclient.c */ = {isa = PBXFileReference; fileEncoding = 4; lastKnownFileType = sourcecode.c.c; path = libmpdclient.c; sourceTree = "<group>"; };
		EC7DADCF0750AF0D00F898A9 /* libmpdclient.h */ = {isa = PBXFileReference; fileEncoding = 4; lastKnownFileType = sourcecode.c.h; path = libmpdclient.h; sourceTree = "<group>"; };
		EC91BE8C075820C0008408E0 /* MpcPlaylist.h */ = {isa = PBXFileReference; fileEncoding = 4; lastKnownFileType = sourcecode.c.h; path = MpcPlaylist.h; sourceTree = "<group>"; };
		EC91BE8D075820C0008408E0 /* MpcPlaylist.m */ = {isa = PBXFileReference; fileEncoding = 4; lastKnownFileType = sourcecode.c.objc; path = MpcPlaylist.m; sourceTree = "<group>"; };
		ECA5F05809BEEECC003F87DE /* db_icon.png */ = {isa = PBXFileReference; lastKnownFileType = image.png; path = db_icon.png; sourceTree = "<group>"; };
		ECB2E5E407548FAA009D8633 /* MpcServer.h */ = {isa = PBXFileReference; fileEncoding = 4; lastKnownFileType = sourcecode.c.h; path = MpcServer.h; sourceTree = "<group>"; };
		ECB2E5E507548FAA009D8633 /* MpcServer.m */ = {isa = PBXFileReference; fileEncoding = 4; lastKnownFileType = sourcecode.c.objc; path = MpcServer.m; sourceTree = "<group>"; };
		ECB87A4C09206433008710E4 /* volume-high.png */ = {isa = PBXFileReference; lastKnownFileType = image.png; path = "volume-high.png"; sourceTree = "<group>"; };
		ECB87A4E0920643F008710E4 /* volume-low.png */ = {isa = PBXFileReference; lastKnownFileType = image.png; path = "volume-low.png"; sourceTree = "<group>"; };
		ECC760BE099B3038003C8DF0 /* MpcOSX_Prefix.pch */ = {isa = PBXFileReference; fileEncoding = 4; lastKnownFileType = sourcecode.c.h; path = MpcOSX_Prefix.pch; sourceTree = "<group>"; };
		ECD1E7630751FD2F00166F23 /* MpcSong.h */ = {isa = PBXFileReference; fileEncoding = 4; lastKnownFileType = sourcecode.c.h; path = MpcSong.h; sourceTree = "<group>"; };
		ECD1E7640751FD2F00166F23 /* MpcSong.m */ = {isa = PBXFileReference; fileEncoding = 4; lastKnownFileType = sourcecode.c.objc; path = MpcSong.m; sourceTree = "<group>"; };
		ECDF9894087179E60072B04B /* AppIcon.icns */ = {isa = PBXFileReference; lastKnownFileType = image.icns; path = AppIcon.icns; sourceTree = "<group>"; };
		ECDF98EC08717E260072B04B /* dragImage.png */ = {isa = PBXFileReference; lastKnownFileType = image.png; path = dragImage.png; sourceTree = "<group>"; };
		ECE6B004075883F000D596EB /* MpcStatus.h */ = {isa = PBXFileReference; fileEncoding = 4; lastKnownFileType = sourcecode.c.h; path = MpcStatus.h; sourceTree = "<group>"; };
		ECE6B005075883F000D596EB /* MpcStatus.m */ = {isa = PBXFileReference; fileEncoding = 4; lastKnownFileType = sourcecode.c.objc; path = MpcStatus.m; sourceTree = "<group>"; };
		ECEAA0B00A08AB3000B61974 /* MpcPlaylistListController.h */ = {isa = PBXFileReference; fileEncoding = 4; lastKnownFileType = sourcecode.c.h; path = MpcPlaylistListController.h; sourceTree = "<group>"; };
		ECEAA0B10A08AB3000B61974 /* MpcPlaylistListController.m */ = {isa = PBXFileReference; fileEncoding = 4; lastKnownFileType = sourcecode.c.objc; path = MpcPlaylistListController.m; sourceTree = "<group>"; };
/* End PBXFileReference section */

/* Begin PBXFrameworksBuildPhase section */
		8D11072E0486CEB800E47090 /* Frameworks */ = {
			isa = PBXFrameworksBuildPhase;
			buildActionMask = 2147483647;
			files = (
				8D11072F0486CEB800E47090 /* Cocoa.framework in Frameworks */,
			);
			runOnlyForDeploymentPostprocessing = 0;
		};
/* End PBXFrameworksBuildPhase section */

/* Begin PBXGroup section */
		080E96DDFE201D6D7F000001 /* Classes */ = {
			isa = PBXGroup;
			children = (
				ECE6B004075883F000D596EB /* MpcStatus.h */,
				ECE6B005075883F000D596EB /* MpcStatus.m */,
				EC91BE8C075820C0008408E0 /* MpcPlaylist.h */,
				EC91BE8D075820C0008408E0 /* MpcPlaylist.m */,
				ECEAA0B00A08AB3000B61974 /* MpcPlaylistListController.h */,
				ECEAA0B10A08AB3000B61974 /* MpcPlaylistListController.m */,
				EC5077C5082F862D007C6FF6 /* MpcLibrary.h */,
				EC5077C6082F862D007C6FF6 /* MpcLibrary.m */,
				ECB2E5E407548FAA009D8633 /* MpcServer.h */,
				ECB2E5E507548FAA009D8633 /* MpcServer.m */,
				ECD1E7630751FD2F00166F23 /* MpcSong.h */,
				ECD1E7640751FD2F00166F23 /* MpcSong.m */,
				EC7DADC50750ADE700F898A9 /* MpcWindowController.h */,
				EC7DADC60750ADE700F898A9 /* MpcWindowController.m */,
				EC508B380845DF9500A691DF /* MpcLibraryMatrix.h */,
				EC508B390845DF9500A691DF /* MpcLibraryMatrix.m */,
			);
			name = Classes;
			sourceTree = "<group>";
		};
		1058C7A0FEA54F0111CA2CBB /* Linked Frameworks */ = {
			isa = PBXGroup;
			children = (
				1058C7A1FEA54F0111CA2CBB /* Cocoa.framework */,
			);
			name = "Linked Frameworks";
			sourceTree = "<group>";
		};
		1058C7A2FEA54F0111CA2CBB /* Other Frameworks */ = {
			isa = PBXGroup;
			children = (
				29B97325FDCFA39411CA2CEA /* Foundation.framework */,
				29B97324FDCFA39411CA2CEA /* AppKit.framework */,
			);
			name = "Other Frameworks";
			sourceTree = "<group>";
		};
		19C28FACFE9D520D11CA2CBB /* Products */ = {
			isa = PBXGroup;
			children = (
				8D1107320486CEB800E47090 /* MpcOSX.app */,
			);
			name = Products;
			sourceTree = "<group>";
		};
		29B97314FDCFA39411CA2CEA /* MpcOSX */ = {
			isa = PBXGroup;
			children = (
				080E96DDFE201D6D7F000001 /* Classes */,
				29B97315FDCFA39411CA2CEA /* Other Sources */,
				29B97317FDCFA39411CA2CEA /* Resources */,
				29B97323FDCFA39411CA2CEA /* Frameworks */,
				19C28FACFE9D520D11CA2CBB /* Products */,
			);
			name = MpcOSX;
			sourceTree = "<group>";
		};
		29B97315FDCFA39411CA2CEA /* Other Sources */ = {
			isa = PBXGroup;
			children = (
				ECC760BE099B3038003C8DF0 /* MpcOSX_Prefix.pch */,
				EC7DADCE0750AF0C00F898A9 /* libmpdclient.c */,
				EC7DADCF0750AF0D00F898A9 /* libmpdclient.h */,
				29B97316FDCFA39411CA2CEA /* main.m */,
				EC2B6FA009207EBD007DCB87 /* CHANGELOG */,
			);
			name = "Other Sources";
			sourceTree = "<group>";
		};
		29B97317FDCFA39411CA2CEA /* Resources */ = {
			isa = PBXGroup;
			children = (
				EC675E440894FA840060C809 /* UserDefaults.plist */,
				8D1107310486CEB800E47090 /* Info.plist */,
				089C165CFE840E0CC02AAC07 /* InfoPlist.strings */,
				ECDF9894087179E60072B04B /* AppIcon.icns */,
				ECDF98EC08717E260072B04B /* dragImage.png */,
				29B97318FDCFA39411CA2CEA /* MainMenu.nib */,
				ECB87A4C09206433008710E4 /* volume-high.png */,
				ECA5F05809BEEECC003F87DE /* db_icon.png */,
				ECB87A4E0920643F008710E4 /* volume-low.png */,
			);
			name = Resources;
			sourceTree = "<group>";
		};
		29B97323FDCFA39411CA2CEA /* Frameworks */ = {
			isa = PBXGroup;
			children = (
				1058C7A0FEA54F0111CA2CBB /* Linked Frameworks */,
				1058C7A2FEA54F0111CA2CBB /* Other Frameworks */,
			);
			name = Frameworks;
			sourceTree = "<group>";
		};
/* End PBXGroup section */

/* Begin PBXNativeTarget section */
		8D1107260486CEB800E47090 /* MpcOSX */ = {
			isa = PBXNativeTarget;
			buildConfigurationList = ECDB556C0855DB68009573D6 /* Build configuration list for PBXNativeTarget "MpcOSX" */;
			buildPhases = (
				8D1107290486CEB800E47090 /* Resources */,
				8D11072C0486CEB800E47090 /* Sources */,
				8D11072E0486CEB800E47090 /* Frameworks */,
			);
			buildRules = (
			);
			dependencies = (
			);
			name = MpcOSX;
			productInstallPath = "$(HOME)/Applications";
			productName = MpcOSX;
			productReference = 8D1107320486CEB800E47090 /* MpcOSX.app */;
			productType = "com.apple.product-type.application";
		};
/* End PBXNativeTarget section */

/* Begin PBXProject section */
		29B97313FDCFA39411CA2CEA /* Project object */ = {
			isa = PBXProject;
			buildConfigurationList = ECDB55700855DB68009573D6 /* Build configuration list for PBXProject "MpcOSX" */;
			hasScannedForEncodings = 1;
			mainGroup = 29B97314FDCFA39411CA2CEA /* MpcOSX */;
			projectDirPath = "";
			targets = (
				8D1107260486CEB800E47090 /* MpcOSX */,
			);
		};
/* End PBXProject section */

/* Begin PBXResourcesBuildPhase section */
		8D1107290486CEB800E47090 /* Resources */ = {
			isa = PBXResourcesBuildPhase;
			buildActionMask = 2147483647;
			files = (
				8D11072A0486CEB800E47090 /* MainMenu.nib in Resources */,
				8D11072B0486CEB800E47090 /* InfoPlist.strings in Resources */,
				EC7DADC70750ADE700F898A9 /* MpcWindowController.h in Resources */,
				EC7DADD10750AF0D00F898A9 /* libmpdclient.h in Resources */,
				ECD1E7650751FD2F00166F23 /* MpcSong.h in Resources */,
				ECB2E5E607548FAA009D8633 /* MpcServer.h in Resources */,
				EC91BE8E075820C0008408E0 /* MpcPlaylist.h in Resources */,
				ECE6B006075883F000D596EB /* MpcStatus.h in Resources */,
				ECDF9895087179E60072B04B /* AppIcon.icns in Resources */,
				ECDF98ED08717E260072B04B /* dragImage.png in Resources */,
				EC675E450894FA840060C809 /* UserDefaults.plist in Resources */,
				ECB87A4D09206433008710E4 /* volume-high.png in Resources */,
				ECB87A4F0920643F008710E4 /* volume-low.png in Resources */,
				EC2B6FA109207EBD007DCB87 /* CHANGELOG in Resources */,
				ECA5F05909BEEECC003F87DE /* db_icon.png in Resources */,
			);
			runOnlyForDeploymentPostprocessing = 0;
		};
/* End PBXResourcesBuildPhase section */

/* Begin PBXSourcesBuildPhase section */
		8D11072C0486CEB800E47090 /* Sources */ = {
			isa = PBXSourcesBuildPhase;
			buildActionMask = 2147483647;
			files = (
				8D11072D0486CEB800E47090 /* main.m in Sources */,
				EC7DADC80750ADE700F898A9 /* MpcWindowController.m in Sources */,
				EC7DADD00750AF0D00F898A9 /* libmpdclient.c in Sources */,
				ECD1E7660751FD2F00166F23 /* MpcSong.m in Sources */,
				ECB2E5E707548FAA009D8633 /* MpcServer.m in Sources */,
				EC91BE8F075820C0008408E0 /* MpcPlaylist.m in Sources */,
				ECE6B007075883F000D596EB /* MpcStatus.m in Sources */,
				EC5077C7082F862D007C6FF6 /* MpcLibrary.m in Sources */,
				EC508B3A0845DF9500A691DF /* MpcLibraryMatrix.m in Sources */,
				ECEAA0B20A08AB3000B61974 /* MpcPlaylistListController.m in Sources */,
			);
			runOnlyForDeploymentPostprocessing = 0;
		};
/* End PBXSourcesBuildPhase section */

/* Begin PBXVariantGroup section */
		089C165CFE840E0CC02AAC07 /* InfoPlist.strings */ = {
			isa = PBXVariantGroup;
			children = (
				089C165DFE840E0CC02AAC07 /* English */,
			);
			name = InfoPlist.strings;
			sourceTree = "<group>";
		};
		29B97318FDCFA39411CA2CEA /* MainMenu.nib */ = {
			isa = PBXVariantGroup;
			children = (
				29B97319FDCFA39411CA2CEA /* English */,
			);
			name = MainMenu.nib;
			sourceTree = "<group>";
		};
/* End PBXVariantGroup section */

/* Begin XCBuildConfiguration section */
		ECDB556D0855DB68009573D6 /* Development */ = {
			isa = XCBuildConfiguration;
			buildSettings = {
				COPY_PHASE_STRIP = NO;
				GCC_DYNAMIC_NO_PIC = NO;
				GCC_ENABLE_FIX_AND_CONTINUE = YES;
				GCC_GENERATE_DEBUGGING_SYMBOLS = YES;
				GCC_OPTIMIZATION_LEVEL = 0;
				GCC_PRECOMPILE_PREFIX_HEADER = YES;
				GCC_PREFIX_HEADER = MpcOSX_Prefix.pch;
				INFOPLIST_FILE = Info.plist;
				INSTALL_PATH = "$(HOME)/Applications";
				PRODUCT_NAME = MpcOSX;
				WRAPPER_EXTENSION = app;
				ZERO_LINK = YES;
			};
			name = Development;
		};
		ECDB556E0855DB68009573D6 /* Deployment */ = {
			isa = XCBuildConfiguration;
			buildSettings = {
				COPY_PHASE_STRIP = YES;
				GCC_ENABLE_FIX_AND_CONTINUE = NO;
				GCC_GENERATE_DEBUGGING_SYMBOLS = NO;
				GCC_PRECOMPILE_PREFIX_HEADER = YES;
				GCC_PREFIX_HEADER = MpcOSX_Prefix.pch;
				INFOPLIST_FILE = Info.plist;
				INSTALL_PATH = "$(HOME)/Applications";
				PRODUCT_NAME = MpcOSX;
				WRAPPER_EXTENSION = app;
				ZERO_LINK = NO;
			};
			name = Deployment;
		};
		ECDB556F0855DB68009573D6 /* Default */ = {
			isa = XCBuildConfiguration;
			buildSettings = {
				GCC_GENERATE_DEBUGGING_SYMBOLS = NO;
				GCC_PRECOMPILE_PREFIX_HEADER = YES;
				GCC_PREFIX_HEADER = MpcOSX_Prefix.pch;
				INFOPLIST_FILE = Info.plist;
				INSTALL_PATH = "$(HOME)/Applications";
				PRODUCT_NAME = MpcOSX;
				WRAPPER_EXTENSION = app;
			};
			name = Default;
		};
		ECDB55710855DB68009573D6 /* Development */ = {
			isa = XCBuildConfiguration;
			buildSettings = {
				GCC_ENABLE_FIX_AND_CONTINUE = YES;
				PREBINDING = NO;
			};
			name = Development;
		};
		ECDB55720855DB68009573D6 /* Deployment */ = {
			isa = XCBuildConfiguration;
			buildSettings = {
				ARCHS = (
					ppc,
					i386,
				);
				PREBINDING = NO;
				SDKROOT = /Developer/SDKs/MacOSX10.4u.sdk;
			};
			name = Deployment;
		};
		ECDB55730855DB68009573D6 /* Default */ = {
			isa = XCBuildConfiguration;
			buildSettings = {
				ARCHS = (
					ppc,
					i386,
				);
				PREBINDING = NO;
				SDKROOT = /Developer/SDKs/MacOSX10.4u.sdk;
			};
			name = Default;
		};
/* End XCBuildConfiguration section */

/* Begin XCConfigurationList section */
		ECDB556C0855DB68009573D6 /* Build configuration list for PBXNativeTarget "MpcOSX" */ = {
			isa = XCConfigurationList;
			buildConfigurations = (
				ECDB556D0855DB68009573D6 /* Development */,
				ECDB556E0855DB68009573D6 /* Deployment */,
				ECDB556F0855DB68009573D6 /* Default */,
			);
			defaultConfigurationIsVisible = 0;
			defaultConfigurationName = Default;
		};
		ECDB55700855DB68009573D6 /* Build configuration list for PBXProject "MpcOSX" */ = {
			isa = XCConfigurationList;
			buildConfigurations = (
				ECDB55710855DB68009573D6 /* Development */,
				ECDB55720855DB68009573D6 /* Deployment */,
				ECDB55730855DB68009573D6 /* Default */,
			);
			defaultConfigurationIsVisible = 0;
			defaultConfigurationName = Default;
		};
/* End XCConfigurationList section */
	};
	rootObject = 29B97313FDCFA39411CA2CEA /* Project object */;
}
